
Microsoft Visual Studio Solution File, Format Version 12.00
# Visual Studio 15
VisualStudioVersion = 15.0.28010.2046
MinimumVisualStudioVersion = 10.0.40219.1
Project("{8BC9CEB8-8B4A-11D0-8D11-00A0C91BC942}") = "0101 Basic", "0101 Basic\0101 Basic.vcxproj", "{D7C88BA1-4C76-4F21-AF8A-F865BA30651B}"
EndProject
Project("{8BC9CEB8-8B4A-11D0-8D11-00A0C91BC942}") = "03 Tuple", "03 Tuple\03 Tuple.vcxproj", "{346798B2-5429-4EB8-B9C6-AE024C3C94C3}"
EndProject
Global
	GlobalSection(SolutionConfigurationPlatforms) = preSolution
		Debug|x64 = Debug|x64
		Debug|x86 = Debug|x86
		Release|x64 = Release|x64
		Release|x86 = Release|x86
	EndGlobalSection
	GlobalSection(ProjectConfigurationPlatforms) = postSolution
		{D7C88BA1-4C76-4F21-AF8A-F865BA30651B}.Debug|x64.ActiveCfg = Debug|x64
		{D7C88BA1-4C76-4F21-AF8A-F865BA30651B}.Debug|x64.Build.0 = Debug|x64
		{D7C88BA1-4C76-4F21-AF8A-F865BA30651B}.Debug|x86.ActiveCfg = Debug|Win32
		{D7C88BA1-4C76-4F21-AF8A-F865BA30651B}.Debug|x86.Build.0 = Debug|Win32
		{D7C88BA1-4C76-4F21-AF8A-F865BA30651B}.Release|x64.ActiveCfg = Release|x64
		{D7C88BA1-4C76-4F21-AF8A-F865BA30651B}.Release|x64.Build.0 = Release|x64
		{D7C88BA1-4C76-4F21-AF8A-F865BA30651B}.Release|x86.ActiveCfg = Release|Win32
		{D7C88BA1-4C76-4F21-AF8A-F865BA30651B}.Release|x86.Build.0 = Release|Win32
		{346798B2-5429-4EB8-B9C6-AE024C3C94C3}.Debug|x64.ActiveCfg = Debug|x64
		{346798B2-5429-4EB8-B9C6-AE024C3C94C3}.Debug|x64.Build.0 = Debug|x64
		{346798B2-5429-4EB8-B9C6-AE024C3C94C3}.Debug|x86.ActiveCfg = Debug|Win32
		{346798B2-5429-4EB8-B9C6-AE024C3C94C3}.Debug|x86.Build.0 = Debug|Win32
		{346798B2-5429-4EB8-B9C6-AE024C3C94C3}.Release|x64.ActiveCfg = Release|x64
		{346798B2-5429-4EB8-B9C6-AE024C3C94C3}.Release|x64.Build.0 = Release|x64
		{346798B2-5429-4EB8-B9C6-AE024C3C94C3}.Release|x86.ActiveCfg = Release|Win32
		{346798B2-5429-4EB8-B9C6-AE024C3C94C3}.Release|x86.Build.0 = Release|Win32
	EndGlobalSection
	GlobalSection(SolutionProperties) = preSolution
		HideSolutionNode = FALSE
	EndGlobalSection
	GlobalSection(ExtensibilityGlobals) = postSolution
		SolutionGuid = {D0AEFC17-015A-4621-8562-E5B4C3A306DF}
	EndGlobalSection
EndGlobal
